<?xml version="1.0" encoding="utf-8"?>
<Project ToolsVersion="4.0" xmlns="http://schemas.microsoft.com/developer/msbuild/2003">
  <ItemGroup>
    <Filter Include="Source Files">
      <UniqueIdentifier>{C39DA23C-07E3-4B8A-ABF7-76B3A61B8FC5}</UniqueIdentifier>
      <Extensions>c;cc;cpp;cxx</Extensions>
    </Filter>
    <Filter Include="Assembly Files">
      <UniqueIdentifier>{AF372C56-F2DF-47AD-92A4-33A34724D31A}</UniqueIdentifier>
      <Extensions>asm;s</Extensions>
    </Filter>
  </ItemGroup>
  <ItemGroup>
    <ClCompile Include="dot_product.c">
      <Filter>Source Files</Filter>
    </ClCompile>
    <ClCompile Include="main.c">
      <Filter>Source Files</Filter>
    </ClCompile>
  </ItemGroup>
  <ItemGroup>
    <MASM Include="dot_product.asm">
      <Filter>Assembly Files</Filter>
    </MASM>
  </ItemGroup>
</Project>
